
Microsoft Visual Studio Solution File, Format Version 12.00
# Visual Studio Version 16
VisualStudioVersion = 16.0.33130.400
MinimumVisualStudioVersion = 10.0.40219.1
Project("{9A19103F-16F7-4668-BE54-9A1E7A4F7556}") = "SalesWebMVC", "SalesWebMVC\SalesWebMVC.csproj", "{DE8A0EED-84DD-40AB-97AC-D1BD70C03C30}"
EndProject
Global
	GlobalSection(SolutionConfigurationPlatforms) = preSolution
		Debug|Any CPU = Debug|Any CPU
		Release|Any CPU = Release|Any CPU
	EndGlobalSection
	GlobalSection(ProjectConfigurationPlatforms) = postSolution
		{DE8A0EED-84DD-40AB-97AC-D1BD70C03C30}.Debug|Any CPU.ActiveCfg = Debug|Any CPU
		{DE8A0EED-84DD-40AB-97AC-D1BD70C03C30}.Debug|Any CPU.Build.0 = Debug|Any CPU
		{DE8A0EED-84DD-40AB-97AC-D1BD70C03C30}.Release|Any CPU.ActiveCfg = Release|Any CPU
		{DE8A0EED-84DD-40AB-97AC-D1BD70C03C30}.Release|Any CPU.Build.0 = Release|Any CPU
	EndGlobalSection
	GlobalSection(SolutionProperties) = preSolution
		HideSolutionNode = FALSE
	EndGlobalSection
	GlobalSection(ExtensibilityGlobals) = postSolution
		SolutionGuid = {C3A250EE-B7E3-42FA-9ECC-F91952D808C1}
	EndGlobalSection
EndGlobal
